
Microsoft Visual Studio Solution File, Format Version 12.00
# Visual Studio 15
VisualStudioVersion = 15.0.28306.52
MinimumVisualStudioVersion = 10.0.40219.1
Project("{8BC9CEB8-8B4A-11D0-8D11-00A0C91BC942}") = "01-1-1", "visual\visual.vcxproj", "{81CAD6DA-5685-431C-BF03-4CCF591D6A21}"
EndProject
Project("{8BC9CEB8-8B4A-11D0-8D11-00A0C91BC942}") = "01-1-2", "01-1-2\01-1-2.vcxproj", "{621D05B5-8839-477B-AC40-652973CA90C9}"
EndProject
Project("{8BC9CEB8-8B4A-11D0-8D11-00A0C91BC942}") = "01-1-3", "01-1-3\01-1-3.vcxproj", "{C2F46773-5D91-4744-9C54-B0F37322D273}"
EndProject
Project("{8BC9CEB8-8B4A-11D0-8D11-00A0C91BC942}") = "01-1-4", "01-1-4\01-1-4.vcxproj", "{EBF54F55-0F2D-49F0-BDAA-BB634F4033E5}"
EndProject
Project("{8BC9CEB8-8B4A-11D0-8D11-00A0C91BC942}") = "01-2", "01-2\01-2.vcxproj", "{6089865F-C0BA-45A4-AD64-D40CFC7C89FE}"
EndProject
Project("{8BC9CEB8-8B4A-11D0-8D11-00A0C91BC942}") = "01-3-1", "01-3-1\01-3-1.vcxproj", "{ADB95233-7D0A-4EFE-BC73-D9A1C580D352}"
EndProject
Project("{8BC9CEB8-8B4A-11D0-8D11-00A0C91BC942}") = "01-4", "01-4\01-4.vcxproj", "{3CFC07E4-9A0D-4312-B36F-17E297C8DE4E}"
EndProject
Project("{8BC9CEB8-8B4A-11D0-8D11-00A0C91BC942}") = "01-6", "01-6\01-6.vcxproj", "{7010CCB1-3E78-4C97-8F80-8EDBF3BF9FEA}"
EndProject
Project("{8BC9CEB8-8B4A-11D0-8D11-00A0C91BC942}") = "02-1-1", "02-1-1\02-1-1.vcxproj", "{7FE268E6-E8F5-415E-B938-9C33E399B22D}"
EndProject
Project("{8BC9CEB8-8B4A-11D0-8D11-00A0C91BC942}") = "02-3", "02-3\02-3.vcxproj", "{625D4A47-A2C5-43FF-85AC-48E83E392A44}"
EndProject
Project("{8BC9CEB8-8B4A-11D0-8D11-00A0C91BC942}") = "02-4-1", "02-4-1\02-4-1.vcxproj", "{90BFD2E8-2051-40A6-A2CC-2740B6189DE3}"
EndProject
Project("{8BC9CEB8-8B4A-11D0-8D11-00A0C91BC942}") = "03-1", "03-1\03-1.vcxproj", "{14A3E488-1B6E-4EB5-AF50-20EFF8222883}"
EndProject
Project("{8BC9CEB8-8B4A-11D0-8D11-00A0C91BC942}") = "03-2", "03-2\03-2.vcxproj", "{9DC251BA-1294-472D-A7DE-657811A9AD97}"
EndProject
Project("{8BC9CEB8-8B4A-11D0-8D11-00A0C91BC942}") = "03-2-2", "03-2-2\03-2-2.vcxproj", "{18DB73C7-9B81-43BC-B8E1-24BDD0FAD6FE}"
EndProject
Project("{8BC9CEB8-8B4A-11D0-8D11-00A0C91BC942}") = "02-2-const", "02-2-const\02-2-const.vcxproj", "{D9E840DB-0D72-4AA3-9C5E-28655781ACB4}"
EndProject
Project("{8BC9CEB8-8B4A-11D0-8D11-00A0C91BC942}") = "04-2", "04-2\04-2.vcxproj", "{73593AAC-E914-4D98-A745-A7CFCA84344E}"
EndProject
Project("{8BC9CEB8-8B4A-11D0-8D11-00A0C91BC942}") = "04-3-1", "04-3-1\04-3-1.vcxproj", "{C9E9B04D-0665-41B7-8BC1-1A4156BAE38D}"
EndProject
Project("{8BC9CEB8-8B4A-11D0-8D11-00A0C91BC942}") = "04-3-2", "04-3-2\04-3-2.vcxproj", "{1A5222EB-0CB6-440C-A8E1-126B8A4F05CC}"
EndProject
Project("{8BC9CEB8-8B4A-11D0-8D11-00A0C91BC942}") = "05-1", "05-1\05-1.vcxproj", "{B32C8B20-64CD-4472-8A87-010497980CAE}"
EndProject
Project("{8BC9CEB8-8B4A-11D0-8D11-00A0C91BC942}") = "07-5", "07-5\07-5.vcxproj", "{F1742DD8-B3BD-4A58-8FE7-CE42C33F6B6C}"
EndProject
Project("{8BC9CEB8-8B4A-11D0-8D11-00A0C91BC942}") = "07-1-1", "07-1-1\07-1-1.vcxproj", "{847750C0-87AB-402B-81CE-67F4C5A41855}"
EndProject
Project("{8BC9CEB8-8B4A-11D0-8D11-00A0C91BC942}") = "07-1-2", "07-1-2\07-1-2.vcxproj", "{5D7173B7-DB14-432C-8193-842C21F4B9C6}"
EndProject
Project("{8BC9CEB8-8B4A-11D0-8D11-00A0C91BC942}") = "test", "test\test.vcxproj", "{6C40B565-48AC-49C1-87B9-A13DA881E136}"
EndProject
Global
	GlobalSection(SolutionConfigurationPlatforms) = preSolution
		Debug|x64 = Debug|x64
		Debug|x86 = Debug|x86
		Release|x64 = Release|x64
		Release|x86 = Release|x86
	EndGlobalSection
	GlobalSection(ProjectConfigurationPlatforms) = postSolution
		{81CAD6DA-5685-431C-BF03-4CCF591D6A21}.Debug|x64.ActiveCfg = Debug|x64
		{81CAD6DA-5685-431C-BF03-4CCF591D6A21}.Debug|x64.Build.0 = Debug|x64
		{81CAD6DA-5685-431C-BF03-4CCF591D6A21}.Debug|x86.ActiveCfg = Debug|Win32
		{81CAD6DA-5685-431C-BF03-4CCF591D6A21}.Debug|x86.Build.0 = Debug|Win32
		{81CAD6DA-5685-431C-BF03-4CCF591D6A21}.Release|x64.ActiveCfg = Release|x64
		{81CAD6DA-5685-431C-BF03-4CCF591D6A21}.Release|x64.Build.0 = Release|x64
		{81CAD6DA-5685-431C-BF03-4CCF591D6A21}.Release|x86.ActiveCfg = Release|Win32
		{81CAD6DA-5685-431C-BF03-4CCF591D6A21}.Release|x86.Build.0 = Release|Win32
		{621D05B5-8839-477B-AC40-652973CA90C9}.Debug|x64.ActiveCfg = Debug|x64
		{621D05B5-8839-477B-AC40-652973CA90C9}.Debug|x64.Build.0 = Debug|x64
		{621D05B5-8839-477B-AC40-652973CA90C9}.Debug|x86.ActiveCfg = Debug|Win32
		{621D05B5-8839-477B-AC40-652973CA90C9}.Debug|x86.Build.0 = Debug|Win32
		{621D05B5-8839-477B-AC40-652973CA90C9}.Release|x64.ActiveCfg = Release|x64
		{621D05B5-8839-477B-AC40-652973CA90C9}.Release|x64.Build.0 = Release|x64
		{621D05B5-8839-477B-AC40-652973CA90C9}.Release|x86.ActiveCfg = Release|Win32
		{621D05B5-8839-477B-AC40-652973CA90C9}.Release|x86.Build.0 = Release|Win32
		{C2F46773-5D91-4744-9C54-B0F37322D273}.Debug|x64.ActiveCfg = Debug|x64
		{C2F46773-5D91-4744-9C54-B0F37322D273}.Debug|x64.Build.0 = Debug|x64
		{C2F46773-5D91-4744-9C54-B0F37322D273}.Debug|x86.ActiveCfg = Debug|Win32
		{C2F46773-5D91-4744-9C54-B0F37322D273}.Debug|x86.Build.0 = Debug|Win32
		{C2F46773-5D91-4744-9C54-B0F37322D273}.Release|x64.ActiveCfg = Release|x64
		{C2F46773-5D91-4744-9C54-B0F37322D273}.Release|x64.Build.0 = Release|x64
		{C2F46773-5D91-4744-9C54-B0F37322D273}.Release|x86.ActiveCfg = Release|Win32
		{C2F46773-5D91-4744-9C54-B0F37322D273}.Release|x86.Build.0 = Release|Win32
		{EBF54F55-0F2D-49F0-BDAA-BB634F4033E5}.Debug|x64.ActiveCfg = Debug|x64
		{EBF54F55-0F2D-49F0-BDAA-BB634F4033E5}.Debug|x64.Build.0 = Debug|x64
		{EBF54F55-0F2D-49F0-BDAA-BB634F4033E5}.Debug|x86.ActiveCfg = Debug|Win32
		{EBF54F55-0F2D-49F0-BDAA-BB634F4033E5}.Debug|x86.Build.0 = Debug|Win32
		{EBF54F55-0F2D-49F0-BDAA-BB634F4033E5}.Release|x64.ActiveCfg = Release|x64
		{EBF54F55-0F2D-49F0-BDAA-BB634F4033E5}.Release|x64.Build.0 = Release|x64
		{EBF54F55-0F2D-49F0-BDAA-BB634F4033E5}.Release|x86.ActiveCfg = Release|Win32
		{EBF54F55-0F2D-49F0-BDAA-BB634F4033E5}.Release|x86.Build.0 = Release|Win32
		{6089865F-C0BA-45A4-AD64-D40CFC7C89FE}.Debug|x64.ActiveCfg = Debug|x64
		{6089865F-C0BA-45A4-AD64-D40CFC7C89FE}.Debug|x64.Build.0 = Debug|x64
		{6089865F-C0BA-45A4-AD64-D40CFC7C89FE}.Debug|x86.ActiveCfg = Debug|Win32
		{6089865F-C0BA-45A4-AD64-D40CFC7C89FE}.Debug|x86.Build.0 = Debug|Win32
		{6089865F-C0BA-45A4-AD64-D40CFC7C89FE}.Release|x64.ActiveCfg = Release|x64
		{6089865F-C0BA-45A4-AD64-D40CFC7C89FE}.Release|x64.Build.0 = Release|x64
		{6089865F-C0BA-45A4-AD64-D40CFC7C89FE}.Release|x86.ActiveCfg = Release|Win32
		{6089865F-C0BA-45A4-AD64-D40CFC7C89FE}.Release|x86.Build.0 = Release|Win32
		{ADB95233-7D0A-4EFE-BC73-D9A1C580D352}.Debug|x64.ActiveCfg = Debug|x64
		{ADB95233-7D0A-4EFE-BC73-D9A1C580D352}.Debug|x64.Build.0 = Debug|x64
		{ADB95233-7D0A-4EFE-BC73-D9A1C580D352}.Debug|x86.ActiveCfg = Debug|Win32
		{ADB95233-7D0A-4EFE-BC73-D9A1C580D352}.Debug|x86.Build.0 = Debug|Win32
		{ADB95233-7D0A-4EFE-BC73-D9A1C580D352}.Release|x64.ActiveCfg = Release|x64
		{ADB95233-7D0A-4EFE-BC73-D9A1C580D352}.Release|x64.Build.0 = Release|x64
		{ADB95233-7D0A-4EFE-BC73-D9A1C580D352}.Release|x86.ActiveCfg = Release|Win32
		{ADB95233-7D0A-4EFE-BC73-D9A1C580D352}.Release|x86.Build.0 = Release|Win32
		{3CFC07E4-9A0D-4312-B36F-17E297C8DE4E}.Debug|x64.ActiveCfg = Debug|x64
		{3CFC07E4-9A0D-4312-B36F-17E297C8DE4E}.Debug|x64.Build.0 = Debug|x64
		{3CFC07E4-9A0D-4312-B36F-17E297C8DE4E}.Debug|x86.ActiveCfg = Debug|Win32
		{3CFC07E4-9A0D-4312-B36F-17E297C8DE4E}.Debug|x86.Build.0 = Debug|Win32
		{3CFC07E4-9A0D-4312-B36F-17E297C8DE4E}.Release|x64.ActiveCfg = Release|x64
		{3CFC07E4-9A0D-4312-B36F-17E297C8DE4E}.Release|x64.Build.0 = Release|x64
		{3CFC07E4-9A0D-4312-B36F-17E297C8DE4E}.Release|x86.ActiveCfg = Release|Win32
		{3CFC07E4-9A0D-4312-B36F-17E297C8DE4E}.Release|x86.Build.0 = Release|Win32
		{7010CCB1-3E78-4C97-8F80-8EDBF3BF9FEA}.Debug|x64.ActiveCfg = Debug|x64
		{7010CCB1-3E78-4C97-8F80-8EDBF3BF9FEA}.Debug|x64.Build.0 = Debug|x64
		{7010CCB1-3E78-4C97-8F80-8EDBF3BF9FEA}.Debug|x86.ActiveCfg = Debug|Win32
		{7010CCB1-3E78-4C97-8F80-8EDBF3BF9FEA}.Debug|x86.Build.0 = Debug|Win32
		{7010CCB1-3E78-4C97-8F80-8EDBF3BF9FEA}.Release|x64.ActiveCfg = Release|x64
		{7010CCB1-3E78-4C97-8F80-8EDBF3BF9FEA}.Release|x64.Build.0 = Release|x64
		{7010CCB1-3E78-4C97-8F80-8EDBF3BF9FEA}.Release|x86.ActiveCfg = Release|Win32
		{7010CCB1-3E78-4C97-8F80-8EDBF3BF9FEA}.Release|x86.Build.0 = Release|Win32
		{7FE268E6-E8F5-415E-B938-9C33E399B22D}.Debug|x64.ActiveCfg = Debug|x64
		{7FE268E6-E8F5-415E-B938-9C33E399B22D}.Debug|x64.Build.0 = Debug|x64
		{7FE268E6-E8F5-415E-B938-9C33E399B22D}.Debug|x86.ActiveCfg = Debug|Win32
		{7FE268E6-E8F5-415E-B938-9C33E399B22D}.Debug|x86.Build.0 = Debug|Win32
		{7FE268E6-E8F5-415E-B938-9C33E399B22D}.Release|x64.ActiveCfg = Release|x64
		{7FE268E6-E8F5-415E-B938-9C33E399B22D}.Release|x64.Build.0 = Release|x64
		{7FE268E6-E8F5-415E-B938-9C33E399B22D}.Release|x86.ActiveCfg = Release|Win32
		{7FE268E6-E8F5-415E-B938-9C33E399B22D}.Release|x86.Build.0 = Release|Win32
		{625D4A47-A2C5-43FF-85AC-48E83E392A44}.Debug|x64.ActiveCfg = Debug|x64
		{625D4A47-A2C5-43FF-85AC-48E83E392A44}.Debug|x64.Build.0 = Debug|x64
		{625D4A47-A2C5-43FF-85AC-48E83E392A44}.Debug|x86.ActiveCfg = Debug|Win32
		{625D4A47-A2C5-43FF-85AC-48E83E392A44}.Debug|x86.Build.0 = Debug|Win32
		{625D4A47-A2C5-43FF-85AC-48E83E392A44}.Release|x64.ActiveCfg = Release|x64
		{625D4A47-A2C5-43FF-85AC-48E83E392A44}.Release|x64.Build.0 = Release|x64
		{625D4A47-A2C5-43FF-85AC-48E83E392A44}.Release|x86.ActiveCfg = Release|Win32
		{625D4A47-A2C5-43FF-85AC-48E83E392A44}.Release|x86.Build.0 = Release|Win32
		{90BFD2E8-2051-40A6-A2CC-2740B6189DE3}.Debug|x64.ActiveCfg = Debug|x64
		{90BFD2E8-2051-40A6-A2CC-2740B6189DE3}.Debug|x64.Build.0 = Debug|x64
		{90BFD2E8-2051-40A6-A2CC-2740B6189DE3}.Debug|x86.ActiveCfg = Debug|Win32
		{90BFD2E8-2051-40A6-A2CC-2740B6189DE3}.Debug|x86.Build.0 = Debug|Win32
		{90BFD2E8-2051-40A6-A2CC-2740B6189DE3}.Release|x64.ActiveCfg = Release|x64
		{90BFD2E8-2051-40A6-A2CC-2740B6189DE3}.Release|x64.Build.0 = Release|x64
		{90BFD2E8-2051-40A6-A2CC-2740B6189DE3}.Release|x86.ActiveCfg = Release|Win32
		{90BFD2E8-2051-40A6-A2CC-2740B6189DE3}.Release|x86.Build.0 = Release|Win32
		{14A3E488-1B6E-4EB5-AF50-20EFF8222883}.Debug|x64.ActiveCfg = Debug|x64
		{14A3E488-1B6E-4EB5-AF50-20EFF8222883}.Debug|x64.Build.0 = Debug|x64
		{14A3E488-1B6E-4EB5-AF50-20EFF8222883}.Debug|x86.ActiveCfg = Debug|Win32
		{14A3E488-1B6E-4EB5-AF50-20EFF8222883}.Debug|x86.Build.0 = Debug|Win32
		{14A3E488-1B6E-4EB5-AF50-20EFF8222883}.Release|x64.ActiveCfg = Release|x64
		{14A3E488-1B6E-4EB5-AF50-20EFF8222883}.Release|x64.Build.0 = Release|x64
		{14A3E488-1B6E-4EB5-AF50-20EFF8222883}.Release|x86.ActiveCfg = Release|Win32
		{14A3E488-1B6E-4EB5-AF50-20EFF8222883}.Release|x86.Build.0 = Release|Win32
		{9DC251BA-1294-472D-A7DE-657811A9AD97}.Debug|x64.ActiveCfg = Debug|x64
		{9DC251BA-1294-472D-A7DE-657811A9AD97}.Debug|x64.Build.0 = Debug|x64
		{9DC251BA-1294-472D-A7DE-657811A9AD97}.Debug|x86.ActiveCfg = Debug|Win32
		{9DC251BA-1294-472D-A7DE-657811A9AD97}.Debug|x86.Build.0 = Debug|Win32
		{9DC251BA-1294-472D-A7DE-657811A9AD97}.Release|x64.ActiveCfg = Release|x64
		{9DC251BA-1294-472D-A7DE-657811A9AD97}.Release|x64.Build.0 = Release|x64
		{9DC251BA-1294-472D-A7DE-657811A9AD97}.Release|x86.ActiveCfg = Release|Win32
		{9DC251BA-1294-472D-A7DE-657811A9AD97}.Release|x86.Build.0 = Release|Win32
		{18DB73C7-9B81-43BC-B8E1-24BDD0FAD6FE}.Debug|x64.ActiveCfg = Debug|x64
		{18DB73C7-9B81-43BC-B8E1-24BDD0FAD6FE}.Debug|x64.Build.0 = Debug|x64
		{18DB73C7-9B81-43BC-B8E1-24BDD0FAD6FE}.Debug|x86.ActiveCfg = Debug|Win32
		{18DB73C7-9B81-43BC-B8E1-24BDD0FAD6FE}.Debug|x86.Build.0 = Debug|Win32
		{18DB73C7-9B81-43BC-B8E1-24BDD0FAD6FE}.Release|x64.ActiveCfg = Release|x64
		{18DB73C7-9B81-43BC-B8E1-24BDD0FAD6FE}.Release|x64.Build.0 = Release|x64
		{18DB73C7-9B81-43BC-B8E1-24BDD0FAD6FE}.Release|x86.ActiveCfg = Release|Win32
		{18DB73C7-9B81-43BC-B8E1-24BDD0FAD6FE}.Release|x86.Build.0 = Release|Win32
		{D9E840DB-0D72-4AA3-9C5E-28655781ACB4}.Debug|x64.ActiveCfg = Debug|x64
		{D9E840DB-0D72-4AA3-9C5E-28655781ACB4}.Debug|x64.Build.0 = Debug|x64
		{D9E840DB-0D72-4AA3-9C5E-28655781ACB4}.Debug|x86.ActiveCfg = Debug|Win32
		{D9E840DB-0D72-4AA3-9C5E-28655781ACB4}.Debug|x86.Build.0 = Debug|Win32
		{D9E840DB-0D72-4AA3-9C5E-28655781ACB4}.Release|x64.ActiveCfg = Release|x64
		{D9E840DB-0D72-4AA3-9C5E-28655781ACB4}.Release|x64.Build.0 = Release|x64
		{D9E840DB-0D72-4AA3-9C5E-28655781ACB4}.Release|x86.ActiveCfg = Release|Win32
		{D9E840DB-0D72-4AA3-9C5E-28655781ACB4}.Release|x86.Build.0 = Release|Win32
		{73593AAC-E914-4D98-A745-A7CFCA84344E}.Debug|x64.ActiveCfg = Debug|x64
		{73593AAC-E914-4D98-A745-A7CFCA84344E}.Debug|x64.Build.0 = Debug|x64
		{73593AAC-E914-4D98-A745-A7CFCA84344E}.Debug|x86.ActiveCfg = Debug|Win32
		{73593AAC-E914-4D98-A745-A7CFCA84344E}.Debug|x86.Build.0 = Debug|Win32
		{73593AAC-E914-4D98-A745-A7CFCA84344E}.Release|x64.ActiveCfg = Release|x64
		{73593AAC-E914-4D98-A745-A7CFCA84344E}.Release|x64.Build.0 = Release|x64
		{73593AAC-E914-4D98-A745-A7CFCA84344E}.Release|x86.ActiveCfg = Release|Win32
		{73593AAC-E914-4D98-A745-A7CFCA84344E}.Release|x86.Build.0 = Release|Win32
		{C9E9B04D-0665-41B7-8BC1-1A4156BAE38D}.Debug|x64.ActiveCfg = Debug|x64
		{C9E9B04D-0665-41B7-8BC1-1A4156BAE38D}.Debug|x64.Build.0 = Debug|x64
		{C9E9B04D-0665-41B7-8BC1-1A4156BAE38D}.Debug|x86.ActiveCfg = Debug|Win32
		{C9E9B04D-0665-41B7-8BC1-1A4156BAE38D}.Debug|x86.Build.0 = Debug|Win32
		{C9E9B04D-0665-41B7-8BC1-1A4156BAE38D}.Release|x64.ActiveCfg = Release|x64
		{C9E9B04D-0665-41B7-8BC1-1A4156BAE38D}.Release|x64.Build.0 = Release|x64
		{C9E9B04D-0665-41B7-8BC1-1A4156BAE38D}.Release|x86.ActiveCfg = Release|Win32
		{C9E9B04D-0665-41B7-8BC1-1A4156BAE38D}.Release|x86.Build.0 = Release|Win32
		{1A5222EB-0CB6-440C-A8E1-126B8A4F05CC}.Debug|x64.ActiveCfg = Debug|x64
		{1A5222EB-0CB6-440C-A8E1-126B8A4F05CC}.Debug|x64.Build.0 = Debug|x64
		{1A5222EB-0CB6-440C-A8E1-126B8A4F05CC}.Debug|x86.ActiveCfg = Debug|Win32
		{1A5222EB-0CB6-440C-A8E1-126B8A4F05CC}.Debug|x86.Build.0 = Debug|Win32
		{1A5222EB-0CB6-440C-A8E1-126B8A4F05CC}.Release|x64.ActiveCfg = Release|x64
		{1A5222EB-0CB6-440C-A8E1-126B8A4F05CC}.Release|x64.Build.0 = Release|x64
		{1A5222EB-0CB6-440C-A8E1-126B8A4F05CC}.Release|x86.ActiveCfg = Release|Win32
		{1A5222EB-0CB6-440C-A8E1-126B8A4F05CC}.Release|x86.Build.0 = Release|Win32
		{B32C8B20-64CD-4472-8A87-010497980CAE}.Debug|x64.ActiveCfg = Debug|x64
		{B32C8B20-64CD-4472-8A87-010497980CAE}.Debug|x64.Build.0 = Debug|x64
		{B32C8B20-64CD-4472-8A87-010497980CAE}.Debug|x86.ActiveCfg = Debug|Win32
		{B32C8B20-64CD-4472-8A87-010497980CAE}.Debug|x86.Build.0 = Debug|Win32
		{B32C8B20-64CD-4472-8A87-010497980CAE}.Release|x64.ActiveCfg = Release|x64
		{B32C8B20-64CD-4472-8A87-010497980CAE}.Release|x64.Build.0 = Release|x64
		{B32C8B20-64CD-4472-8A87-010497980CAE}.Release|x86.ActiveCfg = Release|Win32
		{B32C8B20-64CD-4472-8A87-010497980CAE}.Release|x86.Build.0 = Release|Win32
		{F1742DD8-B3BD-4A58-8FE7-CE42C33F6B6C}.Debug|x64.ActiveCfg = Debug|x64
		{F1742DD8-B3BD-4A58-8FE7-CE42C33F6B6C}.Debug|x64.Build.0 = Debug|x64
		{F1742DD8-B3BD-4A58-8FE7-CE42C33F6B6C}.Debug|x86.ActiveCfg = Debug|Win32
		{F1742DD8-B3BD-4A58-8FE7-CE42C33F6B6C}.Debug|x86.Build.0 = Debug|Win32
		{F1742DD8-B3BD-4A58-8FE7-CE42C33F6B6C}.Release|x64.ActiveCfg = Release|x64
		{F1742DD8-B3BD-4A58-8FE7-CE42C33F6B6C}.Release|x64.Build.0 = Release|x64
		{F1742DD8-B3BD-4A58-8FE7-CE42C33F6B6C}.Release|x86.ActiveCfg = Release|Win32
		{F1742DD8-B3BD-4A58-8FE7-CE42C33F6B6C}.Release|x86.Build.0 = Release|Win32
		{847750C0-87AB-402B-81CE-67F4C5A41855}.Debug|x64.ActiveCfg = Debug|x64
		{847750C0-87AB-402B-81CE-67F4C5A41855}.Debug|x64.Build.0 = Debug|x64
		{847750C0-87AB-402B-81CE-67F4C5A41855}.Debug|x86.ActiveCfg = Debug|Win32
		{847750C0-87AB-402B-81CE-67F4C5A41855}.Debug|x86.Build.0 = Debug|Win32
		{847750C0-87AB-402B-81CE-67F4C5A41855}.Release|x64.ActiveCfg = Release|x64
		{847750C0-87AB-402B-81CE-67F4C5A41855}.Release|x64.Build.0 = Release|x64
		{847750C0-87AB-402B-81CE-67F4C5A41855}.Release|x86.ActiveCfg = Release|Win32
		{847750C0-87AB-402B-81CE-67F4C5A41855}.Release|x86.Build.0 = Release|Win32
		{5D7173B7-DB14-432C-8193-842C21F4B9C6}.Debug|x64.ActiveCfg = Debug|x64
		{5D7173B7-DB14-432C-8193-842C21F4B9C6}.Debug|x64.Build.0 = Debug|x64
		{5D7173B7-DB14-432C-8193-842C21F4B9C6}.Debug|x86.ActiveCfg = Debug|Win32
		{5D7173B7-DB14-432C-8193-842C21F4B9C6}.Debug|x86.Build.0 = Debug|Win32
		{5D7173B7-DB14-432C-8193-842C21F4B9C6}.Release|x64.ActiveCfg = Release|x64
		{5D7173B7-DB14-432C-8193-842C21F4B9C6}.Release|x64.Build.0 = Release|x64
		{5D7173B7-DB14-432C-8193-842C21F4B9C6}.Release|x86.ActiveCfg = Release|Win32
		{5D7173B7-DB14-432C-8193-842C21F4B9C6}.Release|x86.Build.0 = Release|Win32
		{6C40B565-48AC-49C1-87B9-A13DA881E136}.Debug|x64.ActiveCfg = Debug|x64
		{6C40B565-48AC-49C1-87B9-A13DA881E136}.Debug|x64.Build.0 = Debug|x64
		{6C40B565-48AC-49C1-87B9-A13DA881E136}.Debug|x86.ActiveCfg = Debug|Win32
		{6C40B565-48AC-49C1-87B9-A13DA881E136}.Debug|x86.Build.0 = Debug|Win32
		{6C40B565-48AC-49C1-87B9-A13DA881E136}.Release|x64.ActiveCfg = Release|x64
		{6C40B565-48AC-49C1-87B9-A13DA881E136}.Release|x64.Build.0 = Release|x64
		{6C40B565-48AC-49C1-87B9-A13DA881E136}.Release|x86.ActiveCfg = Release|Win32
		{6C40B565-48AC-49C1-87B9-A13DA881E136}.Release|x86.Build.0 = Release|Win32
	EndGlobalSection
	GlobalSection(SolutionProperties) = preSolution
		HideSolutionNode = FALSE
	EndGlobalSection
	GlobalSection(ExtensibilityGlobals) = postSolution
		SolutionGuid = {583BF0EF-2A18-4316-98C9-864ACC7098EC}
	EndGlobalSection
EndGlobal
